hash: 4fd9333c7f68ff1e551b0eb267aa915335782206a8501906e48ffc62e0400c1d
updated: 2017-01-27T15:33:09.639904031+01:00
imports:
- name: github.com/containernetworking/cni
  version: 5c3c17164270150467498a32c71436c7cd5501be
  subpackages:
  - pkg/ns
  - pkg/types
- name: github.com/docker/distribution
  version: 7a0972304e201e2a5336a69d00e112c27823f554
  subpackages:
  - digestset
  - reference
- name: github.com/docker/docker
  version: fe5f49685df0d52127158f7e9a2882b8c4168dab
  subpackages:
  - api/types
  - api/types/blkiodev
  - api/types/container
  - api/types/events
  - api/types/filters
  - api/types/mount
  - api/types/network
  - api/types/reference
  - api/types/registry
  - api/types/strslice
  - api/types/swarm
  - api/types/time
  - api/types/versions
  - api/types/volume
  - client
  - pkg/tlsconfig
- name: github.com/docker/go-connections
  version: eb315e36415380e7c2fdee175262560ff42359da
  subpackages:
  - nat
  - sockets
  - tlsconfig
- name: github.com/docker/go-units
  version: e30f1e79f3cd72542f2026ceec18d3bd67ab859c
- name: github.com/dsnet/compress
  version: b9aab3c6a04eef14c56384b4ad065e7b73438862
  subpackages:
  - bzip2
  - bzip2/internal/sais
  - internal
  - internal/prefix
- name: github.com/inconshreveable/mousetrap
  version: 76626ae9c91c4f2a10f34cad8ce83ea42c93bb75
- name: github.com/mholt/archiver
  version: 24d540239654d76e79c8f4e3d5bd56d90712becb
- name: github.com/Microsoft/go-winio
  version: 307e919c663683a9000576fdc855acaf9534c165
- name: github.com/nwaples/rardecode
  version: f22b7ef81a0afac9ce1447d37e5ab8e99fbd2f73
- name: github.com/opencontainers/go-digest
  version: 21dfd564fd89c944783d00d069f33e3e7123c448
- name: github.com/pkg/errors
  version: 248dadf4e9068a0b3e79f02ed0a610d935de5302
- name: github.com/Sirupsen/logrus
  version: 61e43dc76f7ee59a82bdf3d71033dc12bea4c77d
- name: github.com/spf13/cobra
  version: c29ece4386f74084680e5e6d02d7b943ae630f63
- name: github.com/spf13/pflag
  version: a9a634f3de0a7529baded7ad6b0c7467d5c6eca7
- name: github.com/ulikunitz/xz
  version: 76f94b7c69c6f84be96bcfc2443042b198689565
  subpackages:
  - internal/hash
  - internal/xlog
  - lzma
- name: github.com/vishvananda/netlink
  version: a4f22d8ad2327663017dbb309b5e3f8b6f348020
  subpackages:
  - nl
- name: github.com/vishvananda/netns
  version: 8ba1072b58e0c2a240eb5f6120165c7776c3e7b8
- name: golang.org/x/crypto
  version: 41d678d1df78cd0410143162dff954e6dc09300f
  subpackages:
  - curve25519
  - ed25519
  - ed25519/internal/edwards25519
  - ssh
- name: golang.org/x/net
  version: e90d6d0afc4c315a0d87a568ae68577cc15149a0
  subpackages:
  - context
  - context/ctxhttp
  - proxy
- name: golang.org/x/sys
  version: e11762ca30adc5b39fdbfd8c4250dabeb8e456d3
  subpackages:
  - unix
  - windows
testImports: []
